<Solution>
  <Configurations>
    <BuildType Name="Debug_2021.1.9" />
    <BuildType Name="Debug_2023.0.0" />
    <BuildType Name="Debug_2025.0.0" />
    <BuildType Name="Release_2021.1.9" />
    <BuildType Name="Release_2023.0.0" />
    <BuildType Name="Release_2025.0.0" />
    <Platform Name="Any CPU" />
    <Platform Name="x64" />
  </Configurations>
  <Folder Name="/diagnostics/">
    <Project Path="src/Revit.Linter.CollisionDiagnostics/Revit.Linter.CollisionDiagnostics.csproj">
      <Platform Project="x64" />
    </Project>
    <Project Path="src/Revit.Linter.DocumentDiagnostics/Revit.Linter.DocumentDiagnostics.csproj">
      <Platform Project="x64" />
    </Project>
    <Project Path="src/Revit.Linter.ElementDiagnostics/Revit.Linter.ElementDiagnostics.csproj">
      <Platform Project="x64" />
    </Project>
    <Project Path="src/Revit.Linter.ParameterElementDiagnostics/Revit.Linter.ParameterElementDiagnostics.csproj">
      <Platform Project="x64" />
    </Project>
    <Project Path="src/Revit.Linter.UserDiagnostics/Revit.Linter.UserDiagnostics.csproj">
      <Platform Project="x64" />
    </Project>
  </Folder>
  <Folder Name="/interaction/">
    <Project Path="src/Revit.Linter.Diagnostic/Revit.Linter.Diagnostic.csproj">
      <Platform Project="x64" />
    </Project>
    <Project Path="src/Revit.Linter.DiagnosticReportPresenter.Interactions/Revit.Linter.DiagnosticReportPresenter.Interactions.csproj" Id="82e25b80-70d3-4253-badb-6fbaf24e5721">
      <Platform Project="x64" />
    </Project>
    <Project Path="src/Revit.Linter.DiagnosticReportProvider/Revit.Linter.DiagnosticReportProvider.csproj">
      <Platform Project="x64" />
    </Project>
    <Project Path="src/Revit.Linter.ElementChangesMonitor/Revit.Linter.ElementChangesMonitor.csproj" Id="a9a8e2c0-09c5-4f5b-9bde-382b39fbf4b7">
      <Platform Project="x64" />
    </Project>
    <Project Path="src/Revit.Linter.ElementChangesProvider/Revit.Linter.ElementChangesProvider.csproj">
      <Platform Project="x64" />
    </Project>
    <Project Path="src/Revit.Linter.ElementIgnoring/Revit.Linter.ElementIgnoring.csproj" Id="0dd2000b-291a-4951-a91e-2c9333eca8b7">
      <Platform Project="x64" />
    </Project>
    <Project Path="src/Revit.Linter.FixReportProvider/Revit.Linter.FixReportProvider.csproj">
      <Platform Project="x64" />
    </Project>
    <Project Path="src/Revit.Linter.ProjectParameterManaging/Revit.Linter.ProjectParameterManaging.csproj" Id="260e3d44-3388-4bb3-b656-9673bb54cff2">
      <Platform Project="x64" />
    </Project>
  </Folder>
  <Folder Name="/others/">
    <Project Path="src/Revit.Linter.ConfigurationPath/Revit.Linter.ConfigurationPath.csproj">
      <Platform Project="x64" />
    </Project>
    <Project Path="src/Revit.Linter.ElementAccentor/Revit.Linter.ElementAccentor.csproj">
      <Platform Project="x64" />
    </Project>
    <Project Path="src/Revit.Linter.ElementDependencyDefiners/Revit.Linter.ElementDependencyDefiners.csproj">
      <Platform Project="x64" />
    </Project>
    <Project Path="src/Revit.Linter.Languages/Revit.Linter.Languages.csproj">
      <Platform Project="x64" />
    </Project>
    <Project Path="src/Revit.Linter.Localization.Generator/Revit.Linter.Localization.Generator.csproj">
      <Platform Project="x64" />
    </Project>
    <Project Path="src/Revit.Linter.Localization/Revit.Linter.Localization.csproj">
      <Platform Project="x64" />
    </Project>
    <Project Path="src/Revit.Linter.SerilogEnrichers/Revit.Linter.SerilogEnrichers.csproj">
      <Platform Project="x64" />
    </Project>
    <Project Path="src/Revit.Linter.ThemeManaging/Revit.Linter.ThemeManaging.csproj">
      <Platform Project="x64" />
    </Project>
  </Folder>
  <Folder Name="/solutionItems/">
    <File Path=".editorconfig" />
    <File Path=".gitignore" />
    <File Path="AGENTS.md" />
    <File Path="global.json" />
    <File Path="Directory.Build.props" />
    <File Path="Directory.Packages.props" />
    <File Path="GitVersion.yml" />
    <File Path="LICENSE" />
    <File Path="nuget.config" />
    <File Path="README.md" />
    <File Path="CHANGELOG.md" />
    <File Path="CONTRIBUTING.md" />
  </Folder>
  <Folder Name="/tests/">
    <Project Path="tests/Revit.Linter.ConfigurationPath.Tests/Revit.Linter.ConfigurationPath.Tests.csproj">
      <Platform Project="x64" />
    </Project>
    <Project Path="tests/Revit.Linter.Core.Tests/Revit.Linter.Core.Tests.csproj">
      <Platform Project="x64" />
    </Project>
    <Project Path="tests/Revit.Linter.Diagnostic.RevitTests/Revit.Linter.Diagnostic.RevitTests.csproj">
      <Platform Project="x64" />
    </Project>
    <Project Path="tests/Revit.Linter.DiagnosticReportProvider.RevitTests/Revit.Linter.DiagnosticReportProvider.RevitTests.csproj">
      <Platform Project="x64" />
    </Project>
    <Project Path="tests/Revit.Linter.ElementChangesProvider.RevitTests/Revit.Linter.ElementChangesProvider.RevitTests.csproj">
      <Platform Project="x64" />
    </Project>
    <Project Path="tests/Revit.Linter.ElementDependencyDefiners.RevitTests/Revit.Linter.ElementDependencyDefiners.RevitTests.csproj">
      <Platform Project="x64" />
    </Project>
    <Project Path="tests/Revit.Linter.ElementIgnoring.RevitTests/Revit.Linter.ElementIgnoring.RevitTests.csproj">
      <Platform Project="x64" />
    </Project>
    <Project Path="tests/Revit.Linter.FixReportProvider.Tests/Revit.Linter.FixReportProvider.Tests.csproj">
      <Platform Project="x64" />
    </Project>
    <Project Path="tests/Revit.Linter.Languages.RevitTests/Revit.Linter.Languages.RevitTests.csproj">
      <Platform Project="x64" />
    </Project>
    <Project Path="tests/Revit.Linter.Languages.Tests/Revit.Linter.Languages.Tests.csproj">
      <Platform Project="x64" />
    </Project>
    <Project Path="tests/Revit.Linter.Localization.Generator.Tests/Revit.Linter.Localization.Generator.Tests.csproj">
      <Platform Project="x64" />
    </Project>
    <Project Path="tests/Revit.Linter.ProjectParameterManaging.RevitTests/Revit.Linter.ProjectParameterManaging.RevitTests.csproj">
      <Platform Project="x64" />
    </Project>
    <Project Path="tests/Revit.Linter.ReportMessaging.Tests/Revit.Linter.ReportMessaging.Tests.csproj">
      <Platform Project="x64" />
    </Project>
    <Project Path="tests/Revit.Linter.SerilogEnrichers.Tests/Revit.Linter.SerilogEnrichers.Tests.csproj">
      <Platform Project="x64" />
    </Project>
  </Folder>
  <Folder Name="/ui/">
    <Project Path="src/Revit.Linter.Behaviors/Revit.Linter.Behaviors.csproj">
      <Platform Project="x64" />
    </Project>
    <Project Path="src/Revit.Linter.DiagnosticListPresenter/Revit.Linter.DiagnosticListPresenter.csproj">
      <Platform Project="x64" />
    </Project>
    <Project Path="src/Revit.Linter.DiagnosticReportPresenter/Revit.Linter.DiagnosticReportPresenter.csproj">
      <Platform Project="x64" />
    </Project>
    <Project Path="src/Revit.Linter.DialogPresenter/Revit.Linter.DialogPresenter.csproj">
      <Platform Project="x64" />
    </Project>
    <Project Path="src/Revit.Linter.FixReportPresenter/Revit.Linter.FixReportPresenter.csproj">
      <Platform Project="x64" />
    </Project>
    <Project Path="src/Revit.Linter.OpenedDocuments/Revit.Linter.OpenedDocuments.csproj" Id="d3b29ecb-d6af-46c9-894a-3467ea471a90">
      <Platform Project="x64" />
    </Project>
    <Project Path="src/Revit.Linter.Presentation/Revit.Linter.Presentation.csproj">
      <Platform Project="x64" />
    </Project>
    <Project Path="src/Revit.Linter.ReportMessaging/Revit.Linter.ReportMessaging.csproj">
      <Platform Project="x64" />
    </Project>
    <Project Path="src/Revit.Linter.RunDiagnosticPresenter/Revit.Linter.RunDiagnosticPresenter.csproj" Id="ce7df23e-c72d-4cba-991a-5e98768f34f8">
      <Platform Project="x64" />
    </Project>
  </Folder>
  <Project Path="src/Revit.Linter.Core/Revit.Linter.Core.csproj">
    <Platform Project="x64" />
  </Project>
  <Project Path="src/Revit.Linter/Revit.Linter.csproj">
    <Platform Project="x64" />
  </Project>
  <Folder Name="/docs/">
    <File Path="docs/repository.md" />
  </Folder>
  <Folder Name="/wiki/">
    <File Path="wiki/Documentation.md" />
    <File Path="wiki/English.md" />
    <File Path="wiki/Home.md" />
  </Folder>
  <Folder Name="/wiki/assets/diagrams/">
    <File Path="wiki/assets/diagrams/interaction-scheme.svg" />
  </Folder>
  <Folder Name="/wiki/diagnostics/">
    <File Path="wiki/diagnostics/Diagnostic modules.md" />
    <File Path="wiki/diagnostics/Diagnostics overview.md" />
  </Folder>
  <Folder Name="/wiki/diagnostics/built-in/">
    <File Path="wiki/diagnostics/built-in/Built-in document diagnostics.md" />
    <File Path="wiki/diagnostics/built-in/Built-in element diagnostics.md" />
  </Folder>
  <Folder Name="/wiki/diagnostics/custom/">
    <File Path="wiki/diagnostics/custom/Collision diagnostics.md" />
    <File Path="wiki/diagnostics/custom/Project parameter diagnostics.md" />
    <File Path="wiki/diagnostics/custom/User diagnostics.md" />
  </Folder>
  <Folder Name="/wiki/examples/configuration/">
    <File Path="wiki/examples/configuration/collision.config.yaml" />
    <File Path="wiki/examples/configuration/config.yaml" />
    <File Path="wiki/examples/configuration/Configuration examples.md" />
    <File Path="wiki/examples/configuration/parameter-element.config.yaml" />
  </Folder>
  <Folder Name="/wiki/getting-started/">
    <File Path="wiki/getting-started/Configuration setup.md" />
    <File Path="wiki/getting-started/Installation.md" />
    <File Path="wiki/getting-started/Quick start.md" />
  </Folder>
  <Folder Name="/wiki/getting-started/configuration/">
    <File Path="wiki/getting-started/configuration/Diagnostic configuration path convention.md" />
    <File Path="wiki/getting-started/configuration/Diagnostic configuration path.md" />
  </Folder>
  <Folder Name="/wiki/interface/">
    <File Path="wiki/interface/Dockable panes.md" />
    <File Path="wiki/interface/Ribbon buttons.md" />
    <File Path="wiki/interface/User interface.md" />
  </Folder>
  <Folder Name="/wiki/interface/dockable-panes/">
    <File Path="wiki/interface/dockable-panes/Diagnostic reports pane.md" />
    <File Path="wiki/interface/dockable-panes/Diagnostics pane.md" />
    <File Path="wiki/interface/dockable-panes/Fix reports pane.md" />
  </Folder>
  <Folder Name="/wiki/interface/ribbon-buttons/">
    <File Path="wiki/interface/ribbon-buttons/Diagnostic configuration path button.md" />
    <File Path="wiki/interface/ribbon-buttons/Show or hide diagnostic report button.md" />
    <File Path="wiki/interface/ribbon-buttons/Show or hide diagnostics button.md" />
    <File Path="wiki/interface/ribbon-buttons/Show or hide fix reports button.md" />
  </Folder>
  <Folder Name="/wiki/reference/diagnostics/">
    <File Path="wiki/reference/diagnostics/Diagnostic conventions.md" />
    <File Path="wiki/reference/diagnostics/Diagnostic message placeholders.md" />
    <File Path="wiki/reference/diagnostics/Diagnostic parameters.md" />
    <File Path="wiki/reference/diagnostics/Diagnostic severity.md" />
    <File Path="wiki/reference/diagnostics/Diagnostic types by target.md" />
    <File Path="wiki/reference/diagnostics/Obsolete diagnostic.md" />
  </Folder>
  <Folder Name="/wiki/reference/formulas/">
    <File Path="wiki/reference/formulas/Formula functions.md" />
    <File Path="wiki/reference/formulas/Formula Revit.md" />
    <File Path="wiki/reference/formulas/Formula syntax.md" />
  </Folder>
  <Folder Name="/wiki/ru/">
    <File Path="wiki/ru/Документация.md" />
    <File Path="wiki/ru/Русский.md" />
  </Folder>
  <Folder Name="/wiki/ru/Диагностика/">
    <File Path="wiki/ru/Диагностика/Модули диагностики.md" />
    <File Path="wiki/ru/Диагностика/Обзор диагностики.md" />
  </Folder>
  <Folder Name="/wiki/ru/Диагностика/Встроенные/">
    <File Path="wiki/ru/Диагностика/Встроенные/Встроенные проверки документа.md" />
    <File Path="wiki/ru/Диагностика/Встроенные/Встроенные проверки элементов.md" />
  </Folder>
  <Folder Name="/wiki/ru/Диагностика/Пользовательские/">
    <File Path="wiki/ru/Диагностика/Пользовательские/Пользовательские проверки.md" />
    <File Path="wiki/ru/Диагностика/Пользовательские/Проверки коллизий.md" />
    <File Path="wiki/ru/Диагностика/Пользовательские/Проверки параметров проекта.md" />
  </Folder>
  <Folder Name="/wiki/ru/Интерфейс/">
    <File Path="wiki/ru/Интерфейс/Закрепляемые панели.md" />
    <File Path="wiki/ru/Интерфейс/Интерфейс.md" />
    <File Path="wiki/ru/Интерфейс/Кнопки ленты.md" />
  </Folder>
  <Folder Name="/wiki/ru/Интерфейс/Кнопки/">
    <File Path="wiki/ru/Интерфейс/Кнопки/Кнопка панели диагностики.md" />
    <File Path="wiki/ru/Интерфейс/Кнопки/Кнопка панели результатов диагностики.md" />
    <File Path="wiki/ru/Интерфейс/Кнопки/Кнопка панели результатов исправлений.md" />
    <File Path="wiki/ru/Интерфейс/Кнопки/Кнопка папки конфигурации.md" />
  </Folder>
  <Folder Name="/wiki/ru/Интерфейс/Панели/">
    <File Path="wiki/ru/Интерфейс/Панели/Панель диагностики.md" />
    <File Path="wiki/ru/Интерфейс/Панели/Панель результатов диагностики.md" />
    <File Path="wiki/ru/Интерфейс/Панели/Панель результатов исправлений.md" />
  </Folder>
  <Folder Name="/wiki/ru/Начало работы/">
    <File Path="wiki/ru/Начало работы/Быстрый старт.md" />
    <File Path="wiki/ru/Начало работы/Настройка конфигурации.md" />
    <File Path="wiki/ru/Начало работы/Установка.md" />
  </Folder>
  <Folder Name="/wiki/ru/Начало работы/Конфигурация/">
    <File Path="wiki/ru/Начало работы/Конфигурация/Путь к конфигурации.md" />
    <File Path="wiki/ru/Начало работы/Конфигурация/Размещение файлов конфигурации.md" />
  </Folder>
  <Folder Name="/wiki/ru/Примеры/Конфигурация/">
    <File Path="wiki/ru/Примеры/Конфигурация/Примеры конфигурации.md" />
  </Folder>
  <Folder Name="/wiki/ru/Справочник/Диагностика/">
    <File Path="wiki/ru/Справочник/Диагностика/Параметры диагностики.md" />
    <File Path="wiki/ru/Справочник/Диагностика/Подстановки сообщений.md" />
    <File Path="wiki/ru/Справочник/Диагностика/Соглашения диагностики.md" />
    <File Path="wiki/ru/Справочник/Диагностика/Типы объектов проверки.md" />
    <File Path="wiki/ru/Справочник/Диагностика/Уровни важности.md" />
    <File Path="wiki/ru/Справочник/Диагностика/Устаревшие проверки.md" />
  </Folder>
  <Folder Name="/wiki/ru/Справочник/Формулы/">
    <File Path="wiki/ru/Справочник/Формулы/Объекты Revit в формулах.md" />
    <File Path="wiki/ru/Справочник/Формулы/Синтаксис формул.md" />
    <File Path="wiki/ru/Справочник/Формулы/Функции формул.md" />
  </Folder>
  <Folder Name="/docs/policies/">
    <File Path="docs/policies/development.md" />
  </Folder>
  <Folder Name="/solutionItems/.github/workflows/">
    <File Path=".github/workflows/build-and-test.yml" />
    <File Path=".github/workflows/publish-release.yml" />
    <File Path=".github/workflows/publish-wiki.yml" />
    <File Path=".github/workflows/repository-policy.yml" />
  </Folder>
  <Folder Name="/solutionItems/scripts/">
    <File Path="scripts/Prepare-Wiki.ps1" />
    <File Path="scripts/Validate-Repository.ps1" />
  </Folder>
</Solution>
